
Microsoft Visual Studio Solution File, Format Version 12.00
# Visual Studio Version 17
VisualStudioVersion = 17.14.36429.23
MinimumVisualStudioVersion = 10.0.40219.1
Project("{FAE04EC0-301F-11D3-BF4B-00C04F79EFBC}") = "WebFindLove", "WebFindLove\WebFindLove.csproj", "{19ECE3D5-6DE3-488A-854B-99496D0CD42F}"
EndProject
Global
	GlobalSection(SolutionConfigurationPlatforms) = preSolution
		Debug|Any CPU = Debug|Any CPU
		Release|Any CPU = Release|Any CPU
	EndGlobalSection
	GlobalSection(ProjectConfigurationPlatforms) = postSolution
		{19ECE3D5-6DE3-488A-854B-99496D0CD42F}.Debug|Any CPU.ActiveCfg = Debug|Any CPU
		{19ECE3D5-6DE3-488A-854B-99496D0CD42F}.Debug|Any CPU.Build.0 = Debug|Any CPU
		{19ECE3D5-6DE3-488A-854B-99496D0CD42F}.Release|Any CPU.ActiveCfg = Release|Any CPU
		{19ECE3D5-6DE3-488A-854B-99496D0CD42F}.Release|Any CPU.Build.0 = Release|Any CPU
	EndGlobalSection
	GlobalSection(SolutionProperties) = preSolution
		HideSolutionNode = FALSE
	EndGlobalSection
	GlobalSection(ExtensibilityGlobals) = postSolution
		SolutionGuid = {C2E74036-1ED5-4502-8D1B-3547DB9C2B73}
	EndGlobalSection
EndGlobal
